
Microsoft Visual Studio Solution File, Format Version 12.00
# Visual Studio Version 17
VisualStudioVersion = 17.2.32616.157
MinimumVisualStudioVersion = 10.0.40219.1
Project("{9A19103F-16F7-4668-BE54-9A1E7A4F7556}") = "Business", "Business\Business.csproj", "{F13DCB3C-EA12-4B8D-A318-083723214AE8}"
EndProject
Project("{9A19103F-16F7-4668-BE54-9A1E7A4F7556}") = "DataAccess", "DataAccess\DataAccess.csproj", "{C790C3B1-3B21-4CB4-87FD-91B1F17401AF}"
EndProject
Project("{9A19103F-16F7-4668-BE54-9A1E7A4F7556}") = "Entities", "Entites\Entities.csproj", "{0A257842-6C6C-431D-815A-893CE6C4B179}"
EndProject
Project("{9A19103F-16F7-4668-BE54-9A1E7A4F7556}") = "ConsoleUI", "ConsoleUI\ConsoleUI.csproj", "{F7A39A0D-73DF-4640-B23D-94D949438C3D}"
EndProject
Project("{9A19103F-16F7-4668-BE54-9A1E7A4F7556}") = "Core", "Core\Core.csproj", "{990131A7-A23E-4D43-8123-A96EDFE44D5E}"
EndProject
Project("{FAE04EC0-301F-11D3-BF4B-00C04F79EFBC}") = "WebAPI", "WebAPI\WebAPI.csproj", "{648BB371-E2A1-474A-A873-813EE00EF565}"
EndProject
Global
	GlobalSection(SolutionConfigurationPlatforms) = preSolution
		Debug|Any CPU = Debug|Any CPU
		Release|Any CPU = Release|Any CPU
	EndGlobalSection
	GlobalSection(ProjectConfigurationPlatforms) = postSolution
		{F13DCB3C-EA12-4B8D-A318-083723214AE8}.Debug|Any CPU.ActiveCfg = Debug|Any CPU
		{F13DCB3C-EA12-4B8D-A318-083723214AE8}.Debug|Any CPU.Build.0 = Debug|Any CPU
		{F13DCB3C-EA12-4B8D-A318-083723214AE8}.Release|Any CPU.ActiveCfg = Release|Any CPU
		{F13DCB3C-EA12-4B8D-A318-083723214AE8}.Release|Any CPU.Build.0 = Release|Any CPU
		{C790C3B1-3B21-4CB4-87FD-91B1F17401AF}.Debug|Any CPU.ActiveCfg = Debug|Any CPU
		{C790C3B1-3B21-4CB4-87FD-91B1F17401AF}.Debug|Any CPU.Build.0 = Debug|Any CPU
		{C790C3B1-3B21-4CB4-87FD-91B1F17401AF}.Release|Any CPU.ActiveCfg = Release|Any CPU
		{C790C3B1-3B21-4CB4-87FD-91B1F17401AF}.Release|Any CPU.Build.0 = Release|Any CPU
		{0A257842-6C6C-431D-815A-893CE6C4B179}.Debug|Any CPU.ActiveCfg = Debug|Any CPU
		{0A257842-6C6C-431D-815A-893CE6C4B179}.Debug|Any CPU.Build.0 = Debug|Any CPU
		{0A257842-6C6C-431D-815A-893CE6C4B179}.Release|Any CPU.ActiveCfg = Release|Any CPU
		{0A257842-6C6C-431D-815A-893CE6C4B179}.Release|Any CPU.Build.0 = Release|Any CPU
		{F7A39A0D-73DF-4640-B23D-94D949438C3D}.Debug|Any CPU.ActiveCfg = Debug|Any CPU
		{F7A39A0D-73DF-4640-B23D-94D949438C3D}.Debug|Any CPU.Build.0 = Debug|Any CPU
		{F7A39A0D-73DF-4640-B23D-94D949438C3D}.Release|Any CPU.ActiveCfg = Release|Any CPU
		{F7A39A0D-73DF-4640-B23D-94D949438C3D}.Release|Any CPU.Build.0 = Release|Any CPU
		{990131A7-A23E-4D43-8123-A96EDFE44D5E}.Debug|Any CPU.ActiveCfg = Debug|Any CPU
		{990131A7-A23E-4D43-8123-A96EDFE44D5E}.Debug|Any CPU.Build.0 = Debug|Any CPU
		{990131A7-A23E-4D43-8123-A96EDFE44D5E}.Release|Any CPU.ActiveCfg = Release|Any CPU
		{990131A7-A23E-4D43-8123-A96EDFE44D5E}.Release|Any CPU.Build.0 = Release|Any CPU
		{648BB371-E2A1-474A-A873-813EE00EF565}.Debug|Any CPU.ActiveCfg = Debug|Any CPU
		{648BB371-E2A1-474A-A873-813EE00EF565}.Debug|Any CPU.Build.0 = Debug|Any CPU
		{648BB371-E2A1-474A-A873-813EE00EF565}.Release|Any CPU.ActiveCfg = Release|Any CPU
		{648BB371-E2A1-474A-A873-813EE00EF565}.Release|Any CPU.Build.0 = Release|Any CPU
	EndGlobalSection
	GlobalSection(SolutionProperties) = preSolution
		HideSolutionNode = FALSE
	EndGlobalSection
	GlobalSection(ExtensibilityGlobals) = postSolution
		SolutionGuid = {4F1E16A4-CCF3-4FBE-8B45-85F441B02858}
	EndGlobalSection
EndGlobal
